
Microsoft Visual Studio Solution File, Format Version 12.00
# Visual Studio Version 17
VisualStudioVersion = 17.0.31903.59
MinimumVisualStudioVersion = 10.0.40219.1
Project("{2150E333-8FDC-42A3-9474-1A3956D46DE8}") = "src", "src", "{827E0CD3-B72D-47B6-A68D-7590B98EB39B}"
EndProject
Project("{2150E333-8FDC-42A3-9474-1A3956D46DE8}") = "core", "core", "{8D626EA8-CB54-BC41-363A-217881BEBA6E}"
EndProject
Project("{FAE04EC0-301F-11D3-BF4B-00C04F79EFBC}") = "Basalt.Core", "src\core\Basalt.Core\Basalt.Core.csproj", "{11D48609-1D89-49F7-B5BC-C9A4A61D4A03}"
EndProject
Project("{FAE04EC0-301F-11D3-BF4B-00C04F79EFBC}") = "Basalt.Crypto", "src\core\Basalt.Crypto\Basalt.Crypto.csproj", "{2652A4F8-2ADA-4952-921B-1A416C9A87C2}"
EndProject
Project("{FAE04EC0-301F-11D3-BF4B-00C04F79EFBC}") = "Basalt.Codec", "src\core\Basalt.Codec\Basalt.Codec.csproj", "{AE83F174-2221-43C8-8E75-ADA205F54878}"
EndProject
Project("{2150E333-8FDC-42A3-9474-1A3956D46DE8}") = "storage", "storage", "{75755999-07F8-FCE1-5291-0A39D3ADE9A7}"
EndProject
Project("{FAE04EC0-301F-11D3-BF4B-00C04F79EFBC}") = "Basalt.Storage", "src\storage\Basalt.Storage\Basalt.Storage.csproj", "{F86B4FE1-788C-4E38-ADA6-09D91C4C2B12}"
EndProject
Project("{2150E333-8FDC-42A3-9474-1A3956D46DE8}") = "network", "network", "{A959CB0A-E48E-2E9A-FDBD-1AD6291F023A}"
EndProject
Project("{FAE04EC0-301F-11D3-BF4B-00C04F79EFBC}") = "Basalt.Network", "src\network\Basalt.Network\Basalt.Network.csproj", "{571CF6AC-D3EF-473B-8D15-D5F1894EF927}"
EndProject
Project("{2150E333-8FDC-42A3-9474-1A3956D46DE8}") = "consensus", "consensus", "{37CD979B-0E14-8D92-BB7E-4A19473A8D93}"
EndProject
Project("{FAE04EC0-301F-11D3-BF4B-00C04F79EFBC}") = "Basalt.Consensus", "src\consensus\Basalt.Consensus\Basalt.Consensus.csproj", "{4E7F3F75-4D38-403B-B7FC-6F164D2B5BBD}"
EndProject
Project("{2150E333-8FDC-42A3-9474-1A3956D46DE8}") = "execution", "execution", "{EC0AE37B-42FE-3786-533F-760669F80219}"
EndProject
Project("{FAE04EC0-301F-11D3-BF4B-00C04F79EFBC}") = "Basalt.Execution", "src\execution\Basalt.Execution\Basalt.Execution.csproj", "{3D1027CE-729E-4E9B-9510-A51DECE38EA6}"
EndProject
Project("{2150E333-8FDC-42A3-9474-1A3956D46DE8}") = "api", "api", "{81034408-37C8-1011-444E-4C15C2FADA8E}"
EndProject
Project("{FAE04EC0-301F-11D3-BF4B-00C04F79EFBC}") = "Basalt.Api.Grpc", "src\api\Basalt.Api.Grpc\Basalt.Api.Grpc.csproj", "{DC596FC8-66B9-450E-8AA1-19C88DEA48BF}"
EndProject
Project("{FAE04EC0-301F-11D3-BF4B-00C04F79EFBC}") = "Basalt.Api.Rest", "src\api\Basalt.Api.Rest\Basalt.Api.Rest.csproj", "{F9E9F9E4-6EF4-4807-B4DB-86209916F7A0}"
EndProject
Project("{FAE04EC0-301F-11D3-BF4B-00C04F79EFBC}") = "Basalt.Api.GraphQL", "src\api\Basalt.Api.GraphQL\Basalt.Api.GraphQL.csproj", "{20239C04-2350-4B0B-81F2-13AF0A734071}"
EndProject
Project("{2150E333-8FDC-42A3-9474-1A3956D46DE8}") = "compliance", "compliance", "{C2B4CCFE-4A6A-BC2C-6706-5C75BC235E6A}"
EndProject
Project("{FAE04EC0-301F-11D3-BF4B-00C04F79EFBC}") = "Basalt.Compliance", "src\compliance\Basalt.Compliance\Basalt.Compliance.csproj", "{7B84BCD9-D766-4126-8856-B93F90836432}"
EndProject
Project("{2150E333-8FDC-42A3-9474-1A3956D46DE8}") = "confidentiality", "confidentiality", "{5A3C1A2D-BD79-4846-594A-2F14838C9379}"
EndProject
Project("{FAE04EC0-301F-11D3-BF4B-00C04F79EFBC}") = "Basalt.Confidentiality", "src\confidentiality\Basalt.Confidentiality\Basalt.Confidentiality.csproj", "{9E93DA6D-7030-4101-B34C-42F02407F418}"
EndProject
Project("{2150E333-8FDC-42A3-9474-1A3956D46DE8}") = "sdk", "sdk", "{51B637F8-9C04-5803-F48E-8CB9352021B0}"
EndProject
Project("{FAE04EC0-301F-11D3-BF4B-00C04F79EFBC}") = "Basalt.Sdk.Contracts", "src\sdk\Basalt.Sdk.Contracts\Basalt.Sdk.Contracts.csproj", "{1927041C-6208-4125-B379-E7ADBA1E129F}"
EndProject
Project("{FAE04EC0-301F-11D3-BF4B-00C04F79EFBC}") = "Basalt.Sdk.Analyzers", "src\sdk\Basalt.Sdk.Analyzers\Basalt.Sdk.Analyzers.csproj", "{4949FD71-8D67-474D-872A-C0D7C5191DBE}"
EndProject
Project("{FAE04EC0-301F-11D3-BF4B-00C04F79EFBC}") = "Basalt.Sdk.Testing", "src\sdk\Basalt.Sdk.Testing\Basalt.Sdk.Testing.csproj", "{3739C86A-7081-4883-980D-94285D86892B}"
EndProject
Project("{2150E333-8FDC-42A3-9474-1A3956D46DE8}") = "generators", "generators", "{C698E06C-1649-8066-6D27-72E3631D092E}"
EndProject
Project("{FAE04EC0-301F-11D3-BF4B-00C04F79EFBC}") = "Basalt.Generators.Codec", "src\generators\Basalt.Generators.Codec\Basalt.Generators.Codec.csproj", "{E15579FF-566F-4706-944D-B72A2B4DE314}"
EndProject
Project("{FAE04EC0-301F-11D3-BF4B-00C04F79EFBC}") = "Basalt.Generators.Json", "src\generators\Basalt.Generators.Json\Basalt.Generators.Json.csproj", "{DD62E6F4-4C35-4023-BC74-116D0FCD1016}"
EndProject
Project("{FAE04EC0-301F-11D3-BF4B-00C04F79EFBC}") = "Basalt.Generators.Contracts", "src\generators\Basalt.Generators.Contracts\Basalt.Generators.Contracts.csproj", "{39900142-B9A7-4AF0-8A7C-598BBBAE0149}"
EndProject
Project("{2150E333-8FDC-42A3-9474-1A3956D46DE8}") = "node", "node", "{4F1A3AF4-7DDF-254F-147F-2C5D5B4D850E}"
EndProject
Project("{FAE04EC0-301F-11D3-BF4B-00C04F79EFBC}") = "Basalt.Node", "src\node\Basalt.Node\Basalt.Node.csproj", "{5E05D4E8-97DF-492C-A534-F1B41313FD56}"
EndProject
Project("{2150E333-8FDC-42A3-9474-1A3956D46DE8}") = "tools", "tools", "{07C2787E-EAC7-C090-1BA3-A61EC2A24D84}"
EndProject
Project("{FAE04EC0-301F-11D3-BF4B-00C04F79EFBC}") = "Basalt.Cli", "tools\Basalt.Cli\Basalt.Cli.csproj", "{AFC013BB-24B9-40EE-AA15-A8D61B95B15F}"
EndProject
Project("{2150E333-8FDC-42A3-9474-1A3956D46DE8}") = "tests", "tests", "{0AB3BF05-4346-4AA6-1389-037BE0695223}"
EndProject
Project("{FAE04EC0-301F-11D3-BF4B-00C04F79EFBC}") = "Basalt.Core.Tests", "tests\Basalt.Core.Tests\Basalt.Core.Tests.csproj", "{D1B304B3-6212-404E-A804-AE3B939ED9EB}"
EndProject
Project("{FAE04EC0-301F-11D3-BF4B-00C04F79EFBC}") = "Basalt.Crypto.Tests", "tests\Basalt.Crypto.Tests\Basalt.Crypto.Tests.csproj", "{40BEFCA6-7329-4768-AD03-FF2DC7A21F78}"
EndProject
Project("{FAE04EC0-301F-11D3-BF4B-00C04F79EFBC}") = "Basalt.Storage.Tests", "tests\Basalt.Storage.Tests\Basalt.Storage.Tests.csproj", "{DFDC738D-937B-4051-8F8E-6C8B2F7ABD7A}"
EndProject
Project("{FAE04EC0-301F-11D3-BF4B-00C04F79EFBC}") = "Basalt.Network.Tests", "tests\Basalt.Network.Tests\Basalt.Network.Tests.csproj", "{F69AF8C4-EDBE-4E32-AC93-1D228C43E4AB}"
EndProject
Project("{FAE04EC0-301F-11D3-BF4B-00C04F79EFBC}") = "Basalt.Consensus.Tests", "tests\Basalt.Consensus.Tests\Basalt.Consensus.Tests.csproj", "{92EC6BB1-5EA4-416D-A466-58D24E62F578}"
EndProject
Project("{FAE04EC0-301F-11D3-BF4B-00C04F79EFBC}") = "Basalt.Execution.Tests", "tests\Basalt.Execution.Tests\Basalt.Execution.Tests.csproj", "{2ED13EA1-0439-4EB7-AD07-F1ECB34C78C9}"
EndProject
Project("{FAE04EC0-301F-11D3-BF4B-00C04F79EFBC}") = "Basalt.Api.Tests", "tests\Basalt.Api.Tests\Basalt.Api.Tests.csproj", "{4CCBA0F2-D6AC-42AA-A1BE-C949DE9B62DD}"
EndProject
Project("{FAE04EC0-301F-11D3-BF4B-00C04F79EFBC}") = "Basalt.Compliance.Tests", "tests\Basalt.Compliance.Tests\Basalt.Compliance.Tests.csproj", "{416A7032-8861-4C6D-B400-4F0D39F572B2}"
EndProject
Project("{FAE04EC0-301F-11D3-BF4B-00C04F79EFBC}") = "Basalt.Sdk.Analyzers.Tests", "tests\Basalt.Sdk.Analyzers.Tests\Basalt.Sdk.Analyzers.Tests.csproj", "{37172C01-355B-4882-8AF1-542120A08D55}"
EndProject
Project("{FAE04EC0-301F-11D3-BF4B-00C04F79EFBC}") = "Basalt.Integration.Tests", "tests\Basalt.Integration.Tests\Basalt.Integration.Tests.csproj", "{D63B410C-79DB-4460-99B0-AE1FFECBC06B}"
EndProject
Project("{2150E333-8FDC-42A3-9474-1A3956D46DE8}") = "benchmarks", "benchmarks", "{66320409-64EC-F7C5-3DEF-65E7510DAAD1}"
EndProject
Project("{FAE04EC0-301F-11D3-BF4B-00C04F79EFBC}") = "Basalt.Benchmarks", "benchmarks\Basalt.Benchmarks\Basalt.Benchmarks.csproj", "{AFE3D8DD-E1C2-4471-96DE-5129A250414C}"
EndProject
Project("{FAE04EC0-301F-11D3-BF4B-00C04F79EFBC}") = "Basalt.Sdk.Tests", "tests\Basalt.Sdk.Tests\Basalt.Sdk.Tests.csproj", "{DA92F388-7DB9-4303-A8D7-2EA03FED5CC0}"
EndProject
Project("{2150E333-8FDC-42A3-9474-1A3956D46DE8}") = "bridge", "bridge", "{A21A6857-927A-DC29-726B-77DA6C243883}"
EndProject
Project("{FAE04EC0-301F-11D3-BF4B-00C04F79EFBC}") = "Basalt.Bridge", "src\bridge\Basalt.Bridge\Basalt.Bridge.csproj", "{16EDA742-E410-4B64-8663-E759D43DF447}"
EndProject
Project("{FAE04EC0-301F-11D3-BF4B-00C04F79EFBC}") = "Basalt.Bridge.Tests", "tests\Basalt.Bridge.Tests\Basalt.Bridge.Tests.csproj", "{1FB29A6F-E060-473E-ADB0-9CDB82258083}"
EndProject
Project("{2150E333-8FDC-42A3-9474-1A3956D46DE8}") = "explorer", "explorer", "{59EB59E3-10A0-8B1C-5596-01FA9BF3AB83}"
EndProject
Project("{FAE04EC0-301F-11D3-BF4B-00C04F79EFBC}") = "Basalt.Explorer", "src\explorer\Basalt.Explorer\Basalt.Explorer.csproj", "{0D386F73-51D6-4636-A67B-EB9022CF7B85}"
EndProject
Project("{FAE04EC0-301F-11D3-BF4B-00C04F79EFBC}") = "Basalt.Confidentiality.Tests", "tests\Basalt.Confidentiality.Tests\Basalt.Confidentiality.Tests.csproj", "{BAFCD7B2-A96B-4E70-B3EF-AE93FCAE443A}"
EndProject
Project("{FAE04EC0-301F-11D3-BF4B-00C04F79EFBC}") = "Basalt.Codec.Tests", "tests\Basalt.Codec.Tests\Basalt.Codec.Tests.csproj", "{62448140-06A0-4B83-B425-7095CD60AA18}"
EndProject
Project("{FAE04EC0-301F-11D3-BF4B-00C04F79EFBC}") = "Basalt.Node.Tests", "tests\Basalt.Node.Tests\Basalt.Node.Tests.csproj", "{B1B093D2-2FA6-4D06-B72E-25AB9F3C3019}"
EndProject
Project("{FAE04EC0-301F-11D3-BF4B-00C04F79EFBC}") = "Basalt.Sdk.Wallet", "src\sdk\Basalt.Sdk.Wallet\Basalt.Sdk.Wallet.csproj", "{495AC7A3-0727-484A-9E79-C41689D66C8F}"
EndProject
Project("{FAE04EC0-301F-11D3-BF4B-00C04F79EFBC}") = "Basalt.Sdk.Wallet.Tests", "tests\Basalt.Sdk.Wallet.Tests\Basalt.Sdk.Wallet.Tests.csproj", "{6B4DC31B-3BE6-4C85-A32E-6F1DBC0E4843}"
EndProject
Project("{2150E333-8FDC-42A3-9474-1A3956D46DE8}") = "examples", "examples", "{B36A84DF-456D-A817-6EDD-3EC3E7F6E11F}"
EndProject
Project("{FAE04EC0-301F-11D3-BF4B-00C04F79EFBC}") = "Basalt.Example.Wallet", "examples\Basalt.Example.Wallet\Basalt.Example.Wallet.csproj", "{D02C2C1A-95BD-4F1C-B018-C7E98C7BD834}"
EndProject
Global
	GlobalSection(SolutionConfigurationPlatforms) = preSolution
		Debug|Any CPU = Debug|Any CPU
		Debug|x64 = Debug|x64
		Debug|x86 = Debug|x86
		Release|Any CPU = Release|Any CPU
		Release|x64 = Release|x64
		Release|x86 = Release|x86
	EndGlobalSection
	GlobalSection(ProjectConfigurationPlatforms) = postSolution
		{11D48609-1D89-49F7-B5BC-C9A4A61D4A03}.Debug|Any CPU.ActiveCfg = Debug|Any CPU
		{11D48609-1D89-49F7-B5BC-C9A4A61D4A03}.Debug|Any CPU.Build.0 = Debug|Any CPU
		{11D48609-1D89-49F7-B5BC-C9A4A61D4A03}.Debug|x64.ActiveCfg = Debug|Any CPU
		{11D48609-1D89-49F7-B5BC-C9A4A61D4A03}.Debug|x64.Build.0 = Debug|Any CPU
		{11D48609-1D89-49F7-B5BC-C9A4A61D4A03}.Debug|x86.ActiveCfg = Debug|Any CPU
		{11D48609-1D89-49F7-B5BC-C9A4A61D4A03}.Debug|x86.Build.0 = Debug|Any CPU
		{11D48609-1D89-49F7-B5BC-C9A4A61D4A03}.Release|Any CPU.ActiveCfg = Release|Any CPU
		{11D48609-1D89-49F7-B5BC-C9A4A61D4A03}.Release|Any CPU.Build.0 = Release|Any CPU
		{11D48609-1D89-49F7-B5BC-C9A4A61D4A03}.Release|x64.ActiveCfg = Release|Any CPU
		{11D48609-1D89-49F7-B5BC-C9A4A61D4A03}.Release|x64.Build.0 = Release|Any CPU
		{11D48609-1D89-49F7-B5BC-C9A4A61D4A03}.Release|x86.ActiveCfg = Release|Any CPU
		{11D48609-1D89-49F7-B5BC-C9A4A61D4A03}.Release|x86.Build.0 = Release|Any CPU
		{2652A4F8-2ADA-4952-921B-1A416C9A87C2}.Debug|Any CPU.ActiveCfg = Debug|Any CPU
		{2652A4F8-2ADA-4952-921B-1A416C9A87C2}.Debug|Any CPU.Build.0 = Debug|Any CPU
		{2652A4F8-2ADA-4952-921B-1A416C9A87C2}.Debug|x64.ActiveCfg = Debug|Any CPU
		{2652A4F8-2ADA-4952-921B-1A416C9A87C2}.Debug|x64.Build.0 = Debug|Any CPU
		{2652A4F8-2ADA-4952-921B-1A416C9A87C2}.Debug|x86.ActiveCfg = Debug|Any CPU
		{2652A4F8-2ADA-4952-921B-1A416C9A87C2}.Debug|x86.Build.0 = Debug|Any CPU
		{2652A4F8-2ADA-4952-921B-1A416C9A87C2}.Release|Any CPU.ActiveCfg = Release|Any CPU
		{2652A4F8-2ADA-4952-921B-1A416C9A87C2}.Release|Any CPU.Build.0 = Release|Any CPU
		{2652A4F8-2ADA-4952-921B-1A416C9A87C2}.Release|x64.ActiveCfg = Release|Any CPU
		{2652A4F8-2ADA-4952-921B-1A416C9A87C2}.Release|x64.Build.0 = Release|Any CPU
		{2652A4F8-2ADA-4952-921B-1A416C9A87C2}.Release|x86.ActiveCfg = Release|Any CPU
		{2652A4F8-2ADA-4952-921B-1A416C9A87C2}.Release|x86.Build.0 = Release|Any CPU
		{AE83F174-2221-43C8-8E75-ADA205F54878}.Debug|Any CPU.ActiveCfg = Debug|Any CPU
		{AE83F174-2221-43C8-8E75-ADA205F54878}.Debug|Any CPU.Build.0 = Debug|Any CPU
		{AE83F174-2221-43C8-8E75-ADA205F54878}.Debug|x64.ActiveCfg = Debug|Any CPU
		{AE83F174-2221-43C8-8E75-ADA205F54878}.Debug|x64.Build.0 = Debug|Any CPU
		{AE83F174-2221-43C8-8E75-ADA205F54878}.Debug|x86.ActiveCfg = Debug|Any CPU
		{AE83F174-2221-43C8-8E75-ADA205F54878}.Debug|x86.Build.0 = Debug|Any CPU
		{AE83F174-2221-43C8-8E75-ADA205F54878}.Release|Any CPU.ActiveCfg = Release|Any CPU
		{AE83F174-2221-43C8-8E75-ADA205F54878}.Release|Any CPU.Build.0 = Release|Any CPU
		{AE83F174-2221-43C8-8E75-ADA205F54878}.Release|x64.ActiveCfg = Release|Any CPU
		{AE83F174-2221-43C8-8E75-ADA205F54878}.Release|x64.Build.0 = Release|Any CPU
		{AE83F174-2221-43C8-8E75-ADA205F54878}.Release|x86.ActiveCfg = Release|Any CPU
		{AE83F174-2221-43C8-8E75-ADA205F54878}.Release|x86.Build.0 = Release|Any CPU
		{F86B4FE1-788C-4E38-ADA6-09D91C4C2B12}.Debug|Any CPU.ActiveCfg = Debug|Any CPU
		{F86B4FE1-788C-4E38-ADA6-09D91C4C2B12}.Debug|Any CPU.Build.0 = Debug|Any CPU
		{F86B4FE1-788C-4E38-ADA6-09D91C4C2B12}.Debug|x64.ActiveCfg = Debug|Any CPU
		{F86B4FE1-788C-4E38-ADA6-09D91C4C2B12}.Debug|x64.Build.0 = Debug|Any CPU
		{F86B4FE1-788C-4E38-ADA6-09D91C4C2B12}.Debug|x86.ActiveCfg = Debug|Any CPU
		{F86B4FE1-788C-4E38-ADA6-09D91C4C2B12}.Debug|x86.Build.0 = Debug|Any CPU
		{F86B4FE1-788C-4E38-ADA6-09D91C4C2B12}.Release|Any CPU.ActiveCfg = Release|Any CPU
		{F86B4FE1-788C-4E38-ADA6-09D91C4C2B12}.Release|Any CPU.Build.0 = Release|Any CPU
		{F86B4FE1-788C-4E38-ADA6-09D91C4C2B12}.Release|x64.ActiveCfg = Release|Any CPU
		{F86B4FE1-788C-4E38-ADA6-09D91C4C2B12}.Release|x64.Build.0 = Release|Any CPU
		{F86B4FE1-788C-4E38-ADA6-09D91C4C2B12}.Release|x86.ActiveCfg = Release|Any CPU
		{F86B4FE1-788C-4E38-ADA6-09D91C4C2B12}.Release|x86.Build.0 = Release|Any CPU
		{571CF6AC-D3EF-473B-8D15-D5F1894EF927}.Debug|Any CPU.ActiveCfg = Debug|Any CPU
		{571CF6AC-D3EF-473B-8D15-D5F1894EF927}.Debug|Any CPU.Build.0 = Debug|Any CPU
		{571CF6AC-D3EF-473B-8D15-D5F1894EF927}.Debug|x64.ActiveCfg = Debug|Any CPU
		{571CF6AC-D3EF-473B-8D15-D5F1894EF927}.Debug|x64.Build.0 = Debug|Any CPU
		{571CF6AC-D3EF-473B-8D15-D5F1894EF927}.Debug|x86.ActiveCfg = Debug|Any CPU
		{571CF6AC-D3EF-473B-8D15-D5F1894EF927}.Debug|x86.Build.0 = Debug|Any CPU
		{571CF6AC-D3EF-473B-8D15-D5F1894EF927}.Release|Any CPU.ActiveCfg = Release|Any CPU
		{571CF6AC-D3EF-473B-8D15-D5F1894EF927}.Release|Any CPU.Build.0 = Release|Any CPU
		{571CF6AC-D3EF-473B-8D15-D5F1894EF927}.Release|x64.ActiveCfg = Release|Any CPU
		{571CF6AC-D3EF-473B-8D15-D5F1894EF927}.Release|x64.Build.0 = Release|Any CPU
		{571CF6AC-D3EF-473B-8D15-D5F1894EF927}.Release|x86.ActiveCfg = Release|Any CPU
		{571CF6AC-D3EF-473B-8D15-D5F1894EF927}.Release|x86.Build.0 = Release|Any CPU
		{4E7F3F75-4D38-403B-B7FC-6F164D2B5BBD}.Debug|Any CPU.ActiveCfg = Debug|Any CPU
		{4E7F3F75-4D38-403B-B7FC-6F164D2B5BBD}.Debug|Any CPU.Build.0 = Debug|Any CPU
		{4E7F3F75-4D38-403B-B7FC-6F164D2B5BBD}.Debug|x64.ActiveCfg = Debug|Any CPU
		{4E7F3F75-4D38-403B-B7FC-6F164D2B5BBD}.Debug|x64.Build.0 = Debug|Any CPU
		{4E7F3F75-4D38-403B-B7FC-6F164D2B5BBD}.Debug|x86.ActiveCfg = Debug|Any CPU
		{4E7F3F75-4D38-403B-B7FC-6F164D2B5BBD}.Debug|x86.Build.0 = Debug|Any CPU
		{4E7F3F75-4D38-403B-B7FC-6F164D2B5BBD}.Release|Any CPU.ActiveCfg = Release|Any CPU
		{4E7F3F75-4D38-403B-B7FC-6F164D2B5BBD}.Release|Any CPU.Build.0 = Release|Any CPU
		{4E7F3F75-4D38-403B-B7FC-6F164D2B5BBD}.Release|x64.ActiveCfg = Release|Any CPU
		{4E7F3F75-4D38-403B-B7FC-6F164D2B5BBD}.Release|x64.Build.0 = Release|Any CPU
		{4E7F3F75-4D38-403B-B7FC-6F164D2B5BBD}.Release|x86.ActiveCfg = Release|Any CPU
		{4E7F3F75-4D38-403B-B7FC-6F164D2B5BBD}.Release|x86.Build.0 = Release|Any CPU
		{3D1027CE-729E-4E9B-9510-A51DECE38EA6}.Debug|Any CPU.ActiveCfg = Debug|Any CPU
		{3D1027CE-729E-4E9B-9510-A51DECE38EA6}.Debug|Any CPU.Build.0 = Debug|Any CPU
		{3D1027CE-729E-4E9B-9510-A51DECE38EA6}.Debug|x64.ActiveCfg = Debug|Any CPU
		{3D1027CE-729E-4E9B-9510-A51DECE38EA6}.Debug|x64.Build.0 = Debug|Any CPU
		{3D1027CE-729E-4E9B-9510-A51DECE38EA6}.Debug|x86.ActiveCfg = Debug|Any CPU
		{3D1027CE-729E-4E9B-9510-A51DECE38EA6}.Debug|x86.Build.0 = Debug|Any CPU
		{3D1027CE-729E-4E9B-9510-A51DECE38EA6}.Release|Any CPU.ActiveCfg = Release|Any CPU
		{3D1027CE-729E-4E9B-9510-A51DECE38EA6}.Release|Any CPU.Build.0 = Release|Any CPU
		{3D1027CE-729E-4E9B-9510-A51DECE38EA6}.Release|x64.ActiveCfg = Release|Any CPU
		{3D1027CE-729E-4E9B-9510-A51DECE38EA6}.Release|x64.Build.0 = Release|Any CPU
		{3D1027CE-729E-4E9B-9510-A51DECE38EA6}.Release|x86.ActiveCfg = Release|Any CPU
		{3D1027CE-729E-4E9B-9510-A51DECE38EA6}.Release|x86.Build.0 = Release|Any CPU
		{DC596FC8-66B9-450E-8AA1-19C88DEA48BF}.Debug|Any CPU.ActiveCfg = Debug|Any CPU
		{DC596FC8-66B9-450E-8AA1-19C88DEA48BF}.Debug|Any CPU.Build.0 = Debug|Any CPU
		{DC596FC8-66B9-450E-8AA1-19C88DEA48BF}.Debug|x64.ActiveCfg = Debug|Any CPU
		{DC596FC8-66B9-450E-8AA1-19C88DEA48BF}.Debug|x64.Build.0 = Debug|Any CPU
		{DC596FC8-66B9-450E-8AA1-19C88DEA48BF}.Debug|x86.ActiveCfg = Debug|Any CPU
		{DC596FC8-66B9-450E-8AA1-19C88DEA48BF}.Debug|x86.Build.0 = Debug|Any CPU
		{DC596FC8-66B9-450E-8AA1-19C88DEA48BF}.Release|Any CPU.ActiveCfg = Release|Any CPU
		{DC596FC8-66B9-450E-8AA1-19C88DEA48BF}.Release|Any CPU.Build.0 = Release|Any CPU
		{DC596FC8-66B9-450E-8AA1-19C88DEA48BF}.Release|x64.ActiveCfg = Release|Any CPU
		{DC596FC8-66B9-450E-8AA1-19C88DEA48BF}.Release|x64.Build.0 = Release|Any CPU
		{DC596FC8-66B9-450E-8AA1-19C88DEA48BF}.Release|x86.ActiveCfg = Release|Any CPU
		{DC596FC8-66B9-450E-8AA1-19C88DEA48BF}.Release|x86.Build.0 = Release|Any CPU
		{F9E9F9E4-6EF4-4807-B4DB-86209916F7A0}.Debug|Any CPU.ActiveCfg = Debug|Any CPU
		{F9E9F9E4-6EF4-4807-B4DB-86209916F7A0}.Debug|Any CPU.Build.0 = Debug|Any CPU
		{F9E9F9E4-6EF4-4807-B4DB-86209916F7A0}.Debug|x64.ActiveCfg = Debug|Any CPU
		{F9E9F9E4-6EF4-4807-B4DB-86209916F7A0}.Debug|x64.Build.0 = Debug|Any CPU
		{F9E9F9E4-6EF4-4807-B4DB-86209916F7A0}.Debug|x86.ActiveCfg = Debug|Any CPU
		{F9E9F9E4-6EF4-4807-B4DB-86209916F7A0}.Debug|x86.Build.0 = Debug|Any CPU
		{F9E9F9E4-6EF4-4807-B4DB-86209916F7A0}.Release|Any CPU.ActiveCfg = Release|Any CPU
		{F9E9F9E4-6EF4-4807-B4DB-86209916F7A0}.Release|Any CPU.Build.0 = Release|Any CPU
		{F9E9F9E4-6EF4-4807-B4DB-86209916F7A0}.Release|x64.ActiveCfg = Release|Any CPU
		{F9E9F9E4-6EF4-4807-B4DB-86209916F7A0}.Release|x64.Build.0 = Release|Any CPU
		{F9E9F9E4-6EF4-4807-B4DB-86209916F7A0}.Release|x86.ActiveCfg = Release|Any CPU
		{F9E9F9E4-6EF4-4807-B4DB-86209916F7A0}.Release|x86.Build.0 = Release|Any CPU
		{20239C04-2350-4B0B-81F2-13AF0A734071}.Debug|Any CPU.ActiveCfg = Debug|Any CPU
		{20239C04-2350-4B0B-81F2-13AF0A734071}.Debug|Any CPU.Build.0 = Debug|Any CPU
		{20239C04-2350-4B0B-81F2-13AF0A734071}.Debug|x64.ActiveCfg = Debug|Any CPU
		{20239C04-2350-4B0B-81F2-13AF0A734071}.Debug|x64.Build.0 = Debug|Any CPU
		{20239C04-2350-4B0B-81F2-13AF0A734071}.Debug|x86.ActiveCfg = Debug|Any CPU
		{20239C04-2350-4B0B-81F2-13AF0A734071}.Debug|x86.Build.0 = Debug|Any CPU
		{20239C04-2350-4B0B-81F2-13AF0A734071}.Release|Any CPU.ActiveCfg = Release|Any CPU
		{20239C04-2350-4B0B-81F2-13AF0A734071}.Release|Any CPU.Build.0 = Release|Any CPU
		{20239C04-2350-4B0B-81F2-13AF0A734071}.Release|x64.ActiveCfg = Release|Any CPU
		{20239C04-2350-4B0B-81F2-13AF0A734071}.Release|x64.Build.0 = Release|Any CPU
		{20239C04-2350-4B0B-81F2-13AF0A734071}.Release|x86.ActiveCfg = Release|Any CPU
		{20239C04-2350-4B0B-81F2-13AF0A734071}.Release|x86.Build.0 = Release|Any CPU
		{7B84BCD9-D766-4126-8856-B93F90836432}.Debug|Any CPU.ActiveCfg = Debug|Any CPU
		{7B84BCD9-D766-4126-8856-B93F90836432}.Debug|Any CPU.Build.0 = Debug|Any CPU
		{7B84BCD9-D766-4126-8856-B93F90836432}.Debug|x64.ActiveCfg = Debug|Any CPU
		{7B84BCD9-D766-4126-8856-B93F90836432}.Debug|x64.Build.0 = Debug|Any CPU
		{7B84BCD9-D766-4126-8856-B93F90836432}.Debug|x86.ActiveCfg = Debug|Any CPU
		{7B84BCD9-D766-4126-8856-B93F90836432}.Debug|x86.Build.0 = Debug|Any CPU
		{7B84BCD9-D766-4126-8856-B93F90836432}.Release|Any CPU.ActiveCfg = Release|Any CPU
		{7B84BCD9-D766-4126-8856-B93F90836432}.Release|Any CPU.Build.0 = Release|Any CPU
		{7B84BCD9-D766-4126-8856-B93F90836432}.Release|x64.ActiveCfg = Release|Any CPU
		{7B84BCD9-D766-4126-8856-B93F90836432}.Release|x64.Build.0 = Release|Any CPU
		{7B84BCD9-D766-4126-8856-B93F90836432}.Release|x86.ActiveCfg = Release|Any CPU
		{7B84BCD9-D766-4126-8856-B93F90836432}.Release|x86.Build.0 = Release|Any CPU
		{9E93DA6D-7030-4101-B34C-42F02407F418}.Debug|Any CPU.ActiveCfg = Debug|Any CPU
		{9E93DA6D-7030-4101-B34C-42F02407F418}.Debug|Any CPU.Build.0 = Debug|Any CPU
		{9E93DA6D-7030-4101-B34C-42F02407F418}.Debug|x64.ActiveCfg = Debug|Any CPU
		{9E93DA6D-7030-4101-B34C-42F02407F418}.Debug|x64.Build.0 = Debug|Any CPU
		{9E93DA6D-7030-4101-B34C-42F02407F418}.Debug|x86.ActiveCfg = Debug|Any CPU
		{9E93DA6D-7030-4101-B34C-42F02407F418}.Debug|x86.Build.0 = Debug|Any CPU
		{9E93DA6D-7030-4101-B34C-42F02407F418}.Release|Any CPU.ActiveCfg = Release|Any CPU
		{9E93DA6D-7030-4101-B34C-42F02407F418}.Release|Any CPU.Build.0 = Release|Any CPU
		{9E93DA6D-7030-4101-B34C-42F02407F418}.Release|x64.ActiveCfg = Release|Any CPU
		{9E93DA6D-7030-4101-B34C-42F02407F418}.Release|x64.Build.0 = Release|Any CPU
		{9E93DA6D-7030-4101-B34C-42F02407F418}.Release|x86.ActiveCfg = Release|Any CPU
		{9E93DA6D-7030-4101-B34C-42F02407F418}.Release|x86.Build.0 = Release|Any CPU
		{1927041C-6208-4125-B379-E7ADBA1E129F}.Debug|Any CPU.ActiveCfg = Debug|Any CPU
		{1927041C-6208-4125-B379-E7ADBA1E129F}.Debug|Any CPU.Build.0 = Debug|Any CPU
		{1927041C-6208-4125-B379-E7ADBA1E129F}.Debug|x64.ActiveCfg = Debug|Any CPU
		{1927041C-6208-4125-B379-E7ADBA1E129F}.Debug|x64.Build.0 = Debug|Any CPU
		{1927041C-6208-4125-B379-E7ADBA1E129F}.Debug|x86.ActiveCfg = Debug|Any CPU
		{1927041C-6208-4125-B379-E7ADBA1E129F}.Debug|x86.Build.0 = Debug|Any CPU
		{1927041C-6208-4125-B379-E7ADBA1E129F}.Release|Any CPU.ActiveCfg = Release|Any CPU
		{1927041C-6208-4125-B379-E7ADBA1E129F}.Release|Any CPU.Build.0 = Release|Any CPU
		{1927041C-6208-4125-B379-E7ADBA1E129F}.Release|x64.ActiveCfg = Release|Any CPU
		{1927041C-6208-4125-B379-E7ADBA1E129F}.Release|x64.Build.0 = Release|Any CPU
		{1927041C-6208-4125-B379-E7ADBA1E129F}.Release|x86.ActiveCfg = Release|Any CPU
		{1927041C-6208-4125-B379-E7ADBA1E129F}.Release|x86.Build.0 = Release|Any CPU
		{4949FD71-8D67-474D-872A-C0D7C5191DBE}.Debug|Any CPU.ActiveCfg = Debug|Any CPU
		{4949FD71-8D67-474D-872A-C0D7C5191DBE}.Debug|Any CPU.Build.0 = Debug|Any CPU
		{4949FD71-8D67-474D-872A-C0D7C5191DBE}.Debug|x64.ActiveCfg = Debug|Any CPU
		{4949FD71-8D67-474D-872A-C0D7C5191DBE}.Debug|x64.Build.0 = Debug|Any CPU
		{4949FD71-8D67-474D-872A-C0D7C5191DBE}.Debug|x86.ActiveCfg = Debug|Any CPU
		{4949FD71-8D67-474D-872A-C0D7C5191DBE}.Debug|x86.Build.0 = Debug|Any CPU
		{4949FD71-8D67-474D-872A-C0D7C5191DBE}.Release|Any CPU.ActiveCfg = Release|Any CPU
		{4949FD71-8D67-474D-872A-C0D7C5191DBE}.Release|Any CPU.Build.0 = Release|Any CPU
		{4949FD71-8D67-474D-872A-C0D7C5191DBE}.Release|x64.ActiveCfg = Release|Any CPU
		{4949FD71-8D67-474D-872A-C0D7C5191DBE}.Release|x64.Build.0 = Release|Any CPU
		{4949FD71-8D67-474D-872A-C0D7C5191DBE}.Release|x86.ActiveCfg = Release|Any CPU
		{4949FD71-8D67-474D-872A-C0D7C5191DBE}.Release|x86.Build.0 = Release|Any CPU
		{3739C86A-7081-4883-980D-94285D86892B}.Debug|Any CPU.ActiveCfg = Debug|Any CPU
		{3739C86A-7081-4883-980D-94285D86892B}.Debug|Any CPU.Build.0 = Debug|Any CPU
		{3739C86A-7081-4883-980D-94285D86892B}.Debug|x64.ActiveCfg = Debug|Any CPU
		{3739C86A-7081-4883-980D-94285D86892B}.Debug|x64.Build.0 = Debug|Any CPU
		{3739C86A-7081-4883-980D-94285D86892B}.Debug|x86.ActiveCfg = Debug|Any CPU
		{3739C86A-7081-4883-980D-94285D86892B}.Debug|x86.Build.0 = Debug|Any CPU
		{3739C86A-7081-4883-980D-94285D86892B}.Release|Any CPU.ActiveCfg = Release|Any CPU
		{3739C86A-7081-4883-980D-94285D86892B}.Release|Any CPU.Build.0 = Release|Any CPU
		{3739C86A-7081-4883-980D-94285D86892B}.Release|x64.ActiveCfg = Release|Any CPU
		{3739C86A-7081-4883-980D-94285D86892B}.Release|x64.Build.0 = Release|Any CPU
		{3739C86A-7081-4883-980D-94285D86892B}.Release|x86.ActiveCfg = Release|Any CPU
		{3739C86A-7081-4883-980D-94285D86892B}.Release|x86.Build.0 = Release|Any CPU
		{E15579FF-566F-4706-944D-B72A2B4DE314}.Debug|Any CPU.ActiveCfg = Debug|Any CPU
		{E15579FF-566F-4706-944D-B72A2B4DE314}.Debug|Any CPU.Build.0 = Debug|Any CPU
		{E15579FF-566F-4706-944D-B72A2B4DE314}.Debug|x64.ActiveCfg = Debug|Any CPU
		{E15579FF-566F-4706-944D-B72A2B4DE314}.Debug|x64.Build.0 = Debug|Any CPU
		{E15579FF-566F-4706-944D-B72A2B4DE314}.Debug|x86.ActiveCfg = Debug|Any CPU
		{E15579FF-566F-4706-944D-B72A2B4DE314}.Debug|x86.Build.0 = Debug|Any CPU
		{E15579FF-566F-4706-944D-B72A2B4DE314}.Release|Any CPU.ActiveCfg = Release|Any CPU
		{E15579FF-566F-4706-944D-B72A2B4DE314}.Release|Any CPU.Build.0 = Release|Any CPU
		{E15579FF-566F-4706-944D-B72A2B4DE314}.Release|x64.ActiveCfg = Release|Any CPU
		{E15579FF-566F-4706-944D-B72A2B4DE314}.Release|x64.Build.0 = Release|Any CPU
		{E15579FF-566F-4706-944D-B72A2B4DE314}.Release|x86.ActiveCfg = Release|Any CPU
		{E15579FF-566F-4706-944D-B72A2B4DE314}.Release|x86.Build.0 = Release|Any CPU
		{DD62E6F4-4C35-4023-BC74-116D0FCD1016}.Debug|Any CPU.ActiveCfg = Debug|Any CPU
		{DD62E6F4-4C35-4023-BC74-116D0FCD1016}.Debug|Any CPU.Build.0 = Debug|Any CPU
		{DD62E6F4-4C35-4023-BC74-116D0FCD1016}.Debug|x64.ActiveCfg = Debug|Any CPU
		{DD62E6F4-4C35-4023-BC74-116D0FCD1016}.Debug|x64.Build.0 = Debug|Any CPU
		{DD62E6F4-4C35-4023-BC74-116D0FCD1016}.Debug|x86.ActiveCfg = Debug|Any CPU
		{DD62E6F4-4C35-4023-BC74-116D0FCD1016}.Debug|x86.Build.0 = Debug|Any CPU
		{DD62E6F4-4C35-4023-BC74-116D0FCD1016}.Release|Any CPU.ActiveCfg = Release|Any CPU
		{DD62E6F4-4C35-4023-BC74-116D0FCD1016}.Release|Any CPU.Build.0 = Release|Any CPU
		{DD62E6F4-4C35-4023-BC74-116D0FCD1016}.Release|x64.ActiveCfg = Release|Any CPU
		{DD62E6F4-4C35-4023-BC74-116D0FCD1016}.Release|x64.Build.0 = Release|Any CPU
		{DD62E6F4-4C35-4023-BC74-116D0FCD1016}.Release|x86.ActiveCfg = Release|Any CPU
		{DD62E6F4-4C35-4023-BC74-116D0FCD1016}.Release|x86.Build.0 = Release|Any CPU
		{39900142-B9A7-4AF0-8A7C-598BBBAE0149}.Debug|Any CPU.ActiveCfg = Debug|Any CPU
		{39900142-B9A7-4AF0-8A7C-598BBBAE0149}.Debug|Any CPU.Build.0 = Debug|Any CPU
		{39900142-B9A7-4AF0-8A7C-598BBBAE0149}.Debug|x64.ActiveCfg = Debug|Any CPU
		{39900142-B9A7-4AF0-8A7C-598BBBAE0149}.Debug|x64.Build.0 = Debug|Any CPU
		{39900142-B9A7-4AF0-8A7C-598BBBAE0149}.Debug|x86.ActiveCfg = Debug|Any CPU
		{39900142-B9A7-4AF0-8A7C-598BBBAE0149}.Debug|x86.Build.0 = Debug|Any CPU
		{39900142-B9A7-4AF0-8A7C-598BBBAE0149}.Release|Any CPU.ActiveCfg = Release|Any CPU
		{39900142-B9A7-4AF0-8A7C-598BBBAE0149}.Release|Any CPU.Build.0 = Release|Any CPU
		{39900142-B9A7-4AF0-8A7C-598BBBAE0149}.Release|x64.ActiveCfg = Release|Any CPU
		{39900142-B9A7-4AF0-8A7C-598BBBAE0149}.Release|x64.Build.0 = Release|Any CPU
		{39900142-B9A7-4AF0-8A7C-598BBBAE0149}.Release|x86.ActiveCfg = Release|Any CPU
		{39900142-B9A7-4AF0-8A7C-598BBBAE0149}.Release|x86.Build.0 = Release|Any CPU
		{5E05D4E8-97DF-492C-A534-F1B41313FD56}.Debug|Any CPU.ActiveCfg = Debug|Any CPU
		{5E05D4E8-97DF-492C-A534-F1B41313FD56}.Debug|Any CPU.Build.0 = Debug|Any CPU
		{5E05D4E8-97DF-492C-A534-F1B41313FD56}.Debug|x64.ActiveCfg = Debug|Any CPU
		{5E05D4E8-97DF-492C-A534-F1B41313FD56}.Debug|x64.Build.0 = Debug|Any CPU
		{5E05D4E8-97DF-492C-A534-F1B41313FD56}.Debug|x86.ActiveCfg = Debug|Any CPU
		{5E05D4E8-97DF-492C-A534-F1B41313FD56}.Debug|x86.Build.0 = Debug|Any CPU
		{5E05D4E8-97DF-492C-A534-F1B41313FD56}.Release|Any CPU.ActiveCfg = Release|Any CPU
		{5E05D4E8-97DF-492C-A534-F1B41313FD56}.Release|Any CPU.Build.0 = Release|Any CPU
		{5E05D4E8-97DF-492C-A534-F1B41313FD56}.Release|x64.ActiveCfg = Release|Any CPU
		{5E05D4E8-97DF-492C-A534-F1B41313FD56}.Release|x64.Build.0 = Release|Any CPU
		{5E05D4E8-97DF-492C-A534-F1B41313FD56}.Release|x86.ActiveCfg = Release|Any CPU
		{5E05D4E8-97DF-492C-A534-F1B41313FD56}.Release|x86.Build.0 = Release|Any CPU
		{AFC013BB-24B9-40EE-AA15-A8D61B95B15F}.Debug|Any CPU.ActiveCfg = Debug|Any CPU
		{AFC013BB-24B9-40EE-AA15-A8D61B95B15F}.Debug|Any CPU.Build.0 = Debug|Any CPU
		{AFC013BB-24B9-40EE-AA15-A8D61B95B15F}.Debug|x64.ActiveCfg = Debug|Any CPU
		{AFC013BB-24B9-40EE-AA15-A8D61B95B15F}.Debug|x64.Build.0 = Debug|Any CPU
		{AFC013BB-24B9-40EE-AA15-A8D61B95B15F}.Debug|x86.ActiveCfg = Debug|Any CPU
		{AFC013BB-24B9-40EE-AA15-A8D61B95B15F}.Debug|x86.Build.0 = Debug|Any CPU
		{AFC013BB-24B9-40EE-AA15-A8D61B95B15F}.Release|Any CPU.ActiveCfg = Release|Any CPU
		{AFC013BB-24B9-40EE-AA15-A8D61B95B15F}.Release|Any CPU.Build.0 = Release|Any CPU
		{AFC013BB-24B9-40EE-AA15-A8D61B95B15F}.Release|x64.ActiveCfg = Release|Any CPU
		{AFC013BB-24B9-40EE-AA15-A8D61B95B15F}.Release|x64.Build.0 = Release|Any CPU
		{AFC013BB-24B9-40EE-AA15-A8D61B95B15F}.Release|x86.ActiveCfg = Release|Any CPU
		{AFC013BB-24B9-40EE-AA15-A8D61B95B15F}.Release|x86.Build.0 = Release|Any CPU
		{D1B304B3-6212-404E-A804-AE3B939ED9EB}.Debug|Any CPU.ActiveCfg = Debug|Any CPU
		{D1B304B3-6212-404E-A804-AE3B939ED9EB}.Debug|Any CPU.Build.0 = Debug|Any CPU
		{D1B304B3-6212-404E-A804-AE3B939ED9EB}.Debug|x64.ActiveCfg = Debug|Any CPU
		{D1B304B3-6212-404E-A804-AE3B939ED9EB}.Debug|x64.Build.0 = Debug|Any CPU
		{D1B304B3-6212-404E-A804-AE3B939ED9EB}.Debug|x86.ActiveCfg = Debug|Any CPU
		{D1B304B3-6212-404E-A804-AE3B939ED9EB}.Debug|x86.Build.0 = Debug|Any CPU
		{D1B304B3-6212-404E-A804-AE3B939ED9EB}.Release|Any CPU.ActiveCfg = Release|Any CPU
		{D1B304B3-6212-404E-A804-AE3B939ED9EB}.Release|Any CPU.Build.0 = Release|Any CPU
		{D1B304B3-6212-404E-A804-AE3B939ED9EB}.Release|x64.ActiveCfg = Release|Any CPU
		{D1B304B3-6212-404E-A804-AE3B939ED9EB}.Release|x64.Build.0 = Release|Any CPU
		{D1B304B3-6212-404E-A804-AE3B939ED9EB}.Release|x86.ActiveCfg = Release|Any CPU
		{D1B304B3-6212-404E-A804-AE3B939ED9EB}.Release|x86.Build.0 = Release|Any CPU
		{40BEFCA6-7329-4768-AD03-FF2DC7A21F78}.Debug|Any CPU.ActiveCfg = Debug|Any CPU
		{40BEFCA6-7329-4768-AD03-FF2DC7A21F78}.Debug|Any CPU.Build.0 = Debug|Any CPU
		{40BEFCA6-7329-4768-AD03-FF2DC7A21F78}.Debug|x64.ActiveCfg = Debug|Any CPU
		{40BEFCA6-7329-4768-AD03-FF2DC7A21F78}.Debug|x64.Build.0 = Debug|Any CPU
		{40BEFCA6-7329-4768-AD03-FF2DC7A21F78}.Debug|x86.ActiveCfg = Debug|Any CPU
		{40BEFCA6-7329-4768-AD03-FF2DC7A21F78}.Debug|x86.Build.0 = Debug|Any CPU
		{40BEFCA6-7329-4768-AD03-FF2DC7A21F78}.Release|Any CPU.ActiveCfg = Release|Any CPU
		{40BEFCA6-7329-4768-AD03-FF2DC7A21F78}.Release|Any CPU.Build.0 = Release|Any CPU
		{40BEFCA6-7329-4768-AD03-FF2DC7A21F78}.Release|x64.ActiveCfg = Release|Any CPU
		{40BEFCA6-7329-4768-AD03-FF2DC7A21F78}.Release|x64.Build.0 = Release|Any CPU
		{40BEFCA6-7329-4768-AD03-FF2DC7A21F78}.Release|x86.ActiveCfg = Release|Any CPU
		{40BEFCA6-7329-4768-AD03-FF2DC7A21F78}.Release|x86.Build.0 = Release|Any CPU
		{DFDC738D-937B-4051-8F8E-6C8B2F7ABD7A}.Debug|Any CPU.ActiveCfg = Debug|Any CPU
		{DFDC738D-937B-4051-8F8E-6C8B2F7ABD7A}.Debug|Any CPU.Build.0 = Debug|Any CPU
		{DFDC738D-937B-4051-8F8E-6C8B2F7ABD7A}.Debug|x64.ActiveCfg = Debug|Any CPU
		{DFDC738D-937B-4051-8F8E-6C8B2F7ABD7A}.Debug|x64.Build.0 = Debug|Any CPU
		{DFDC738D-937B-4051-8F8E-6C8B2F7ABD7A}.Debug|x86.ActiveCfg = Debug|Any CPU
		{DFDC738D-937B-4051-8F8E-6C8B2F7ABD7A}.Debug|x86.Build.0 = Debug|Any CPU
		{DFDC738D-937B-4051-8F8E-6C8B2F7ABD7A}.Release|Any CPU.ActiveCfg = Release|Any CPU
		{DFDC738D-937B-4051-8F8E-6C8B2F7ABD7A}.Release|Any CPU.Build.0 = Release|Any CPU
		{DFDC738D-937B-4051-8F8E-6C8B2F7ABD7A}.Release|x64.ActiveCfg = Release|Any CPU
		{DFDC738D-937B-4051-8F8E-6C8B2F7ABD7A}.Release|x64.Build.0 = Release|Any CPU
		{DFDC738D-937B-4051-8F8E-6C8B2F7ABD7A}.Release|x86.ActiveCfg = Release|Any CPU
		{DFDC738D-937B-4051-8F8E-6C8B2F7ABD7A}.Release|x86.Build.0 = Release|Any CPU
		{F69AF8C4-EDBE-4E32-AC93-1D228C43E4AB}.Debug|Any CPU.ActiveCfg = Debug|Any CPU
		{F69AF8C4-EDBE-4E32-AC93-1D228C43E4AB}.Debug|Any CPU.Build.0 = Debug|Any CPU
		{F69AF8C4-EDBE-4E32-AC93-1D228C43E4AB}.Debug|x64.ActiveCfg = Debug|Any CPU
		{F69AF8C4-EDBE-4E32-AC93-1D228C43E4AB}.Debug|x64.Build.0 = Debug|Any CPU
		{F69AF8C4-EDBE-4E32-AC93-1D228C43E4AB}.Debug|x86.ActiveCfg = Debug|Any CPU
		{F69AF8C4-EDBE-4E32-AC93-1D228C43E4AB}.Debug|x86.Build.0 = Debug|Any CPU
		{F69AF8C4-EDBE-4E32-AC93-1D228C43E4AB}.Release|Any CPU.ActiveCfg = Release|Any CPU
		{F69AF8C4-EDBE-4E32-AC93-1D228C43E4AB}.Release|Any CPU.Build.0 = Release|Any CPU
		{F69AF8C4-EDBE-4E32-AC93-1D228C43E4AB}.Release|x64.ActiveCfg = Release|Any CPU
		{F69AF8C4-EDBE-4E32-AC93-1D228C43E4AB}.Release|x64.Build.0 = Release|Any CPU
		{F69AF8C4-EDBE-4E32-AC93-1D228C43E4AB}.Release|x86.ActiveCfg = Release|Any CPU
		{F69AF8C4-EDBE-4E32-AC93-1D228C43E4AB}.Release|x86.Build.0 = Release|Any CPU
		{92EC6BB1-5EA4-416D-A466-58D24E62F578}.Debug|Any CPU.ActiveCfg = Debug|Any CPU
		{92EC6BB1-5EA4-416D-A466-58D24E62F578}.Debug|Any CPU.Build.0 = Debug|Any CPU
		{92EC6BB1-5EA4-416D-A466-58D24E62F578}.Debug|x64.ActiveCfg = Debug|Any CPU
		{92EC6BB1-5EA4-416D-A466-58D24E62F578}.Debug|x64.Build.0 = Debug|Any CPU
		{92EC6BB1-5EA4-416D-A466-58D24E62F578}.Debug|x86.ActiveCfg = Debug|Any CPU
		{92EC6BB1-5EA4-416D-A466-58D24E62F578}.Debug|x86.Build.0 = Debug|Any CPU
		{92EC6BB1-5EA4-416D-A466-58D24E62F578}.Release|Any CPU.ActiveCfg = Release|Any CPU
		{92EC6BB1-5EA4-416D-A466-58D24E62F578}.Release|Any CPU.Build.0 = Release|Any CPU
		{92EC6BB1-5EA4-416D-A466-58D24E62F578}.Release|x64.ActiveCfg = Release|Any CPU
		{92EC6BB1-5EA4-416D-A466-58D24E62F578}.Release|x64.Build.0 = Release|Any CPU
		{92EC6BB1-5EA4-416D-A466-58D24E62F578}.Release|x86.ActiveCfg = Release|Any CPU
		{92EC6BB1-5EA4-416D-A466-58D24E62F578}.Release|x86.Build.0 = Release|Any CPU
		{2ED13EA1-0439-4EB7-AD07-F1ECB34C78C9}.Debug|Any CPU.ActiveCfg = Debug|Any CPU
		{2ED13EA1-0439-4EB7-AD07-F1ECB34C78C9}.Debug|Any CPU.Build.0 = Debug|Any CPU
		{2ED13EA1-0439-4EB7-AD07-F1ECB34C78C9}.Debug|x64.ActiveCfg = Debug|Any CPU
		{2ED13EA1-0439-4EB7-AD07-F1ECB34C78C9}.Debug|x64.Build.0 = Debug|Any CPU
		{2ED13EA1-0439-4EB7-AD07-F1ECB34C78C9}.Debug|x86.ActiveCfg = Debug|Any CPU
		{2ED13EA1-0439-4EB7-AD07-F1ECB34C78C9}.Debug|x86.Build.0 = Debug|Any CPU
		{2ED13EA1-0439-4EB7-AD07-F1ECB34C78C9}.Release|Any CPU.ActiveCfg = Release|Any CPU
		{2ED13EA1-0439-4EB7-AD07-F1ECB34C78C9}.Release|Any CPU.Build.0 = Release|Any CPU
		{2ED13EA1-0439-4EB7-AD07-F1ECB34C78C9}.Release|x64.ActiveCfg = Release|Any CPU
		{2ED13EA1-0439-4EB7-AD07-F1ECB34C78C9}.Release|x64.Build.0 = Release|Any CPU
		{2ED13EA1-0439-4EB7-AD07-F1ECB34C78C9}.Release|x86.ActiveCfg = Release|Any CPU
		{2ED13EA1-0439-4EB7-AD07-F1ECB34C78C9}.Release|x86.Build.0 = Release|Any CPU
		{4CCBA0F2-D6AC-42AA-A1BE-C949DE9B62DD}.Debug|Any CPU.ActiveCfg = Debug|Any CPU
		{4CCBA0F2-D6AC-42AA-A1BE-C949DE9B62DD}.Debug|Any CPU.Build.0 = Debug|Any CPU
		{4CCBA0F2-D6AC-42AA-A1BE-C949DE9B62DD}.Debug|x64.ActiveCfg = Debug|Any CPU
		{4CCBA0F2-D6AC-42AA-A1BE-C949DE9B62DD}.Debug|x64.Build.0 = Debug|Any CPU
		{4CCBA0F2-D6AC-42AA-A1BE-C949DE9B62DD}.Debug|x86.ActiveCfg = Debug|Any CPU
		{4CCBA0F2-D6AC-42AA-A1BE-C949DE9B62DD}.Debug|x86.Build.0 = Debug|Any CPU
		{4CCBA0F2-D6AC-42AA-A1BE-C949DE9B62DD}.Release|Any CPU.ActiveCfg = Release|Any CPU
		{4CCBA0F2-D6AC-42AA-A1BE-C949DE9B62DD}.Release|Any CPU.Build.0 = Release|Any CPU
		{4CCBA0F2-D6AC-42AA-A1BE-C949DE9B62DD}.Release|x64.ActiveCfg = Release|Any CPU
		{4CCBA0F2-D6AC-42AA-A1BE-C949DE9B62DD}.Release|x64.Build.0 = Release|Any CPU
		{4CCBA0F2-D6AC-42AA-A1BE-C949DE9B62DD}.Release|x86.ActiveCfg = Release|Any CPU
		{4CCBA0F2-D6AC-42AA-A1BE-C949DE9B62DD}.Release|x86.Build.0 = Release|Any CPU
		{416A7032-8861-4C6D-B400-4F0D39F572B2}.Debug|Any CPU.ActiveCfg = Debug|Any CPU
		{416A7032-8861-4C6D-B400-4F0D39F572B2}.Debug|Any CPU.Build.0 = Debug|Any CPU
		{416A7032-8861-4C6D-B400-4F0D39F572B2}.Debug|x64.ActiveCfg = Debug|Any CPU
		{416A7032-8861-4C6D-B400-4F0D39F572B2}.Debug|x64.Build.0 = Debug|Any CPU
		{416A7032-8861-4C6D-B400-4F0D39F572B2}.Debug|x86.ActiveCfg = Debug|Any CPU
		{416A7032-8861-4C6D-B400-4F0D39F572B2}.Debug|x86.Build.0 = Debug|Any CPU
		{416A7032-8861-4C6D-B400-4F0D39F572B2}.Release|Any CPU.ActiveCfg = Release|Any CPU
		{416A7032-8861-4C6D-B400-4F0D39F572B2}.Release|Any CPU.Build.0 = Release|Any CPU
		{416A7032-8861-4C6D-B400-4F0D39F572B2}.Release|x64.ActiveCfg = Release|Any CPU
		{416A7032-8861-4C6D-B400-4F0D39F572B2}.Release|x64.Build.0 = Release|Any CPU
		{416A7032-8861-4C6D-B400-4F0D39F572B2}.Release|x86.ActiveCfg = Release|Any CPU
		{416A7032-8861-4C6D-B400-4F0D39F572B2}.Release|x86.Build.0 = Release|Any CPU
		{37172C01-355B-4882-8AF1-542120A08D55}.Debug|Any CPU.ActiveCfg = Debug|Any CPU
		{37172C01-355B-4882-8AF1-542120A08D55}.Debug|Any CPU.Build.0 = Debug|Any CPU
		{37172C01-355B-4882-8AF1-542120A08D55}.Debug|x64.ActiveCfg = Debug|Any CPU
		{37172C01-355B-4882-8AF1-542120A08D55}.Debug|x64.Build.0 = Debug|Any CPU
		{37172C01-355B-4882-8AF1-542120A08D55}.Debug|x86.ActiveCfg = Debug|Any CPU
		{37172C01-355B-4882-8AF1-542120A08D55}.Debug|x86.Build.0 = Debug|Any CPU
		{37172C01-355B-4882-8AF1-542120A08D55}.Release|Any CPU.ActiveCfg = Release|Any CPU
		{37172C01-355B-4882-8AF1-542120A08D55}.Release|Any CPU.Build.0 = Release|Any CPU
		{37172C01-355B-4882-8AF1-542120A08D55}.Release|x64.ActiveCfg = Release|Any CPU
		{37172C01-355B-4882-8AF1-542120A08D55}.Release|x64.Build.0 = Release|Any CPU
		{37172C01-355B-4882-8AF1-542120A08D55}.Release|x86.ActiveCfg = Release|Any CPU
		{37172C01-355B-4882-8AF1-542120A08D55}.Release|x86.Build.0 = Release|Any CPU
		{D63B410C-79DB-4460-99B0-AE1FFECBC06B}.Debug|Any CPU.ActiveCfg = Debug|Any CPU
		{D63B410C-79DB-4460-99B0-AE1FFECBC06B}.Debug|Any CPU.Build.0 = Debug|Any CPU
		{D63B410C-79DB-4460-99B0-AE1FFECBC06B}.Debug|x64.ActiveCfg = Debug|Any CPU
		{D63B410C-79DB-4460-99B0-AE1FFECBC06B}.Debug|x64.Build.0 = Debug|Any CPU
		{D63B410C-79DB-4460-99B0-AE1FFECBC06B}.Debug|x86.ActiveCfg = Debug|Any CPU
		{D63B410C-79DB-4460-99B0-AE1FFECBC06B}.Debug|x86.Build.0 = Debug|Any CPU
		{D63B410C-79DB-4460-99B0-AE1FFECBC06B}.Release|Any CPU.ActiveCfg = Release|Any CPU
		{D63B410C-79DB-4460-99B0-AE1FFECBC06B}.Release|Any CPU.Build.0 = Release|Any CPU
		{D63B410C-79DB-4460-99B0-AE1FFECBC06B}.Release|x64.ActiveCfg = Release|Any CPU
		{D63B410C-79DB-4460-99B0-AE1FFECBC06B}.Release|x64.Build.0 = Release|Any CPU
		{D63B410C-79DB-4460-99B0-AE1FFECBC06B}.Release|x86.ActiveCfg = Release|Any CPU
		{D63B410C-79DB-4460-99B0-AE1FFECBC06B}.Release|x86.Build.0 = Release|Any CPU
		{AFE3D8DD-E1C2-4471-96DE-5129A250414C}.Debug|Any CPU.ActiveCfg = Debug|Any CPU
		{AFE3D8DD-E1C2-4471-96DE-5129A250414C}.Debug|Any CPU.Build.0 = Debug|Any CPU
		{AFE3D8DD-E1C2-4471-96DE-5129A250414C}.Debug|x64.ActiveCfg = Debug|Any CPU
		{AFE3D8DD-E1C2-4471-96DE-5129A250414C}.Debug|x64.Build.0 = Debug|Any CPU
		{AFE3D8DD-E1C2-4471-96DE-5129A250414C}.Debug|x86.ActiveCfg = Debug|Any CPU
		{AFE3D8DD-E1C2-4471-96DE-5129A250414C}.Debug|x86.Build.0 = Debug|Any CPU
		{AFE3D8DD-E1C2-4471-96DE-5129A250414C}.Release|Any CPU.ActiveCfg = Release|Any CPU
		{AFE3D8DD-E1C2-4471-96DE-5129A250414C}.Release|Any CPU.Build.0 = Release|Any CPU
		{AFE3D8DD-E1C2-4471-96DE-5129A250414C}.Release|x64.ActiveCfg = Release|Any CPU
		{AFE3D8DD-E1C2-4471-96DE-5129A250414C}.Release|x64.Build.0 = Release|Any CPU
		{AFE3D8DD-E1C2-4471-96DE-5129A250414C}.Release|x86.ActiveCfg = Release|Any CPU
		{AFE3D8DD-E1C2-4471-96DE-5129A250414C}.Release|x86.Build.0 = Release|Any CPU
		{DA92F388-7DB9-4303-A8D7-2EA03FED5CC0}.Debug|Any CPU.ActiveCfg = Debug|Any CPU
		{DA92F388-7DB9-4303-A8D7-2EA03FED5CC0}.Debug|Any CPU.Build.0 = Debug|Any CPU
		{DA92F388-7DB9-4303-A8D7-2EA03FED5CC0}.Debug|x64.ActiveCfg = Debug|Any CPU
		{DA92F388-7DB9-4303-A8D7-2EA03FED5CC0}.Debug|x64.Build.0 = Debug|Any CPU
		{DA92F388-7DB9-4303-A8D7-2EA03FED5CC0}.Debug|x86.ActiveCfg = Debug|Any CPU
		{DA92F388-7DB9-4303-A8D7-2EA03FED5CC0}.Debug|x86.Build.0 = Debug|Any CPU
		{DA92F388-7DB9-4303-A8D7-2EA03FED5CC0}.Release|Any CPU.ActiveCfg = Release|Any CPU
		{DA92F388-7DB9-4303-A8D7-2EA03FED5CC0}.Release|Any CPU.Build.0 = Release|Any CPU
		{DA92F388-7DB9-4303-A8D7-2EA03FED5CC0}.Release|x64.ActiveCfg = Release|Any CPU
		{DA92F388-7DB9-4303-A8D7-2EA03FED5CC0}.Release|x64.Build.0 = Release|Any CPU
		{DA92F388-7DB9-4303-A8D7-2EA03FED5CC0}.Release|x86.ActiveCfg = Release|Any CPU
		{DA92F388-7DB9-4303-A8D7-2EA03FED5CC0}.Release|x86.Build.0 = Release|Any CPU
		{16EDA742-E410-4B64-8663-E759D43DF447}.Debug|Any CPU.ActiveCfg = Debug|Any CPU
		{16EDA742-E410-4B64-8663-E759D43DF447}.Debug|Any CPU.Build.0 = Debug|Any CPU
		{16EDA742-E410-4B64-8663-E759D43DF447}.Debug|x64.ActiveCfg = Debug|Any CPU
		{16EDA742-E410-4B64-8663-E759D43DF447}.Debug|x64.Build.0 = Debug|Any CPU
		{16EDA742-E410-4B64-8663-E759D43DF447}.Debug|x86.ActiveCfg = Debug|Any CPU
		{16EDA742-E410-4B64-8663-E759D43DF447}.Debug|x86.Build.0 = Debug|Any CPU
		{16EDA742-E410-4B64-8663-E759D43DF447}.Release|Any CPU.ActiveCfg = Release|Any CPU
		{16EDA742-E410-4B64-8663-E759D43DF447}.Release|Any CPU.Build.0 = Release|Any CPU
		{16EDA742-E410-4B64-8663-E759D43DF447}.Release|x64.ActiveCfg = Release|Any CPU
		{16EDA742-E410-4B64-8663-E759D43DF447}.Release|x64.Build.0 = Release|Any CPU
		{16EDA742-E410-4B64-8663-E759D43DF447}.Release|x86.ActiveCfg = Release|Any CPU
		{16EDA742-E410-4B64-8663-E759D43DF447}.Release|x86.Build.0 = Release|Any CPU
		{1FB29A6F-E060-473E-ADB0-9CDB82258083}.Debug|Any CPU.ActiveCfg = Debug|Any CPU
		{1FB29A6F-E060-473E-ADB0-9CDB82258083}.Debug|Any CPU.Build.0 = Debug|Any CPU
		{1FB29A6F-E060-473E-ADB0-9CDB82258083}.Debug|x64.ActiveCfg = Debug|Any CPU
		{1FB29A6F-E060-473E-ADB0-9CDB82258083}.Debug|x64.Build.0 = Debug|Any CPU
		{1FB29A6F-E060-473E-ADB0-9CDB82258083}.Debug|x86.ActiveCfg = Debug|Any CPU
		{1FB29A6F-E060-473E-ADB0-9CDB82258083}.Debug|x86.Build.0 = Debug|Any CPU
		{1FB29A6F-E060-473E-ADB0-9CDB82258083}.Release|Any CPU.ActiveCfg = Release|Any CPU
		{1FB29A6F-E060-473E-ADB0-9CDB82258083}.Release|Any CPU.Build.0 = Release|Any CPU
		{1FB29A6F-E060-473E-ADB0-9CDB82258083}.Release|x64.ActiveCfg = Release|Any CPU
		{1FB29A6F-E060-473E-ADB0-9CDB82258083}.Release|x64.Build.0 = Release|Any CPU
		{1FB29A6F-E060-473E-ADB0-9CDB82258083}.Release|x86.ActiveCfg = Release|Any CPU
		{1FB29A6F-E060-473E-ADB0-9CDB82258083}.Release|x86.Build.0 = Release|Any CPU
		{0D386F73-51D6-4636-A67B-EB9022CF7B85}.Debug|Any CPU.ActiveCfg = Debug|Any CPU
		{0D386F73-51D6-4636-A67B-EB9022CF7B85}.Debug|Any CPU.Build.0 = Debug|Any CPU
		{0D386F73-51D6-4636-A67B-EB9022CF7B85}.Debug|x64.ActiveCfg = Debug|Any CPU
		{0D386F73-51D6-4636-A67B-EB9022CF7B85}.Debug|x64.Build.0 = Debug|Any CPU
		{0D386F73-51D6-4636-A67B-EB9022CF7B85}.Debug|x86.ActiveCfg = Debug|Any CPU
		{0D386F73-51D6-4636-A67B-EB9022CF7B85}.Debug|x86.Build.0 = Debug|Any CPU
		{0D386F73-51D6-4636-A67B-EB9022CF7B85}.Release|Any CPU.ActiveCfg = Release|Any CPU
		{0D386F73-51D6-4636-A67B-EB9022CF7B85}.Release|Any CPU.Build.0 = Release|Any CPU
		{0D386F73-51D6-4636-A67B-EB9022CF7B85}.Release|x64.ActiveCfg = Release|Any CPU
		{0D386F73-51D6-4636-A67B-EB9022CF7B85}.Release|x64.Build.0 = Release|Any CPU
		{0D386F73-51D6-4636-A67B-EB9022CF7B85}.Release|x86.ActiveCfg = Release|Any CPU
		{0D386F73-51D6-4636-A67B-EB9022CF7B85}.Release|x86.Build.0 = Release|Any CPU
		{BAFCD7B2-A96B-4E70-B3EF-AE93FCAE443A}.Debug|Any CPU.ActiveCfg = Debug|Any CPU
		{BAFCD7B2-A96B-4E70-B3EF-AE93FCAE443A}.Debug|Any CPU.Build.0 = Debug|Any CPU
		{BAFCD7B2-A96B-4E70-B3EF-AE93FCAE443A}.Debug|x64.ActiveCfg = Debug|Any CPU
		{BAFCD7B2-A96B-4E70-B3EF-AE93FCAE443A}.Debug|x64.Build.0 = Debug|Any CPU
		{BAFCD7B2-A96B-4E70-B3EF-AE93FCAE443A}.Debug|x86.ActiveCfg = Debug|Any CPU
		{BAFCD7B2-A96B-4E70-B3EF-AE93FCAE443A}.Debug|x86.Build.0 = Debug|Any CPU
		{BAFCD7B2-A96B-4E70-B3EF-AE93FCAE443A}.Release|Any CPU.ActiveCfg = Release|Any CPU
		{BAFCD7B2-A96B-4E70-B3EF-AE93FCAE443A}.Release|Any CPU.Build.0 = Release|Any CPU
		{BAFCD7B2-A96B-4E70-B3EF-AE93FCAE443A}.Release|x64.ActiveCfg = Release|Any CPU
		{BAFCD7B2-A96B-4E70-B3EF-AE93FCAE443A}.Release|x64.Build.0 = Release|Any CPU
		{BAFCD7B2-A96B-4E70-B3EF-AE93FCAE443A}.Release|x86.ActiveCfg = Release|Any CPU
		{BAFCD7B2-A96B-4E70-B3EF-AE93FCAE443A}.Release|x86.Build.0 = Release|Any CPU
		{62448140-06A0-4B83-B425-7095CD60AA18}.Debug|Any CPU.ActiveCfg = Debug|Any CPU
		{62448140-06A0-4B83-B425-7095CD60AA18}.Debug|Any CPU.Build.0 = Debug|Any CPU
		{62448140-06A0-4B83-B425-7095CD60AA18}.Debug|x64.ActiveCfg = Debug|Any CPU
		{62448140-06A0-4B83-B425-7095CD60AA18}.Debug|x64.Build.0 = Debug|Any CPU
		{62448140-06A0-4B83-B425-7095CD60AA18}.Debug|x86.ActiveCfg = Debug|Any CPU
		{62448140-06A0-4B83-B425-7095CD60AA18}.Debug|x86.Build.0 = Debug|Any CPU
		{62448140-06A0-4B83-B425-7095CD60AA18}.Release|Any CPU.ActiveCfg = Release|Any CPU
		{62448140-06A0-4B83-B425-7095CD60AA18}.Release|Any CPU.Build.0 = Release|Any CPU
		{62448140-06A0-4B83-B425-7095CD60AA18}.Release|x64.ActiveCfg = Release|Any CPU
		{62448140-06A0-4B83-B425-7095CD60AA18}.Release|x64.Build.0 = Release|Any CPU
		{62448140-06A0-4B83-B425-7095CD60AA18}.Release|x86.ActiveCfg = Release|Any CPU
		{62448140-06A0-4B83-B425-7095CD60AA18}.Release|x86.Build.0 = Release|Any CPU
		{B1B093D2-2FA6-4D06-B72E-25AB9F3C3019}.Debug|Any CPU.ActiveCfg = Debug|Any CPU
		{B1B093D2-2FA6-4D06-B72E-25AB9F3C3019}.Debug|Any CPU.Build.0 = Debug|Any CPU
		{B1B093D2-2FA6-4D06-B72E-25AB9F3C3019}.Debug|x64.ActiveCfg = Debug|Any CPU
		{B1B093D2-2FA6-4D06-B72E-25AB9F3C3019}.Debug|x64.Build.0 = Debug|Any CPU
		{B1B093D2-2FA6-4D06-B72E-25AB9F3C3019}.Debug|x86.ActiveCfg = Debug|Any CPU
		{B1B093D2-2FA6-4D06-B72E-25AB9F3C3019}.Debug|x86.Build.0 = Debug|Any CPU
		{B1B093D2-2FA6-4D06-B72E-25AB9F3C3019}.Release|Any CPU.ActiveCfg = Release|Any CPU
		{B1B093D2-2FA6-4D06-B72E-25AB9F3C3019}.Release|Any CPU.Build.0 = Release|Any CPU
		{B1B093D2-2FA6-4D06-B72E-25AB9F3C3019}.Release|x64.ActiveCfg = Release|Any CPU
		{B1B093D2-2FA6-4D06-B72E-25AB9F3C3019}.Release|x64.Build.0 = Release|Any CPU
		{B1B093D2-2FA6-4D06-B72E-25AB9F3C3019}.Release|x86.ActiveCfg = Release|Any CPU
		{B1B093D2-2FA6-4D06-B72E-25AB9F3C3019}.Release|x86.Build.0 = Release|Any CPU
		{495AC7A3-0727-484A-9E79-C41689D66C8F}.Debug|Any CPU.ActiveCfg = Debug|Any CPU
		{495AC7A3-0727-484A-9E79-C41689D66C8F}.Debug|Any CPU.Build.0 = Debug|Any CPU
		{495AC7A3-0727-484A-9E79-C41689D66C8F}.Debug|x64.ActiveCfg = Debug|Any CPU
		{495AC7A3-0727-484A-9E79-C41689D66C8F}.Debug|x64.Build.0 = Debug|Any CPU
		{495AC7A3-0727-484A-9E79-C41689D66C8F}.Debug|x86.ActiveCfg = Debug|Any CPU
		{495AC7A3-0727-484A-9E79-C41689D66C8F}.Debug|x86.Build.0 = Debug|Any CPU
		{495AC7A3-0727-484A-9E79-C41689D66C8F}.Release|Any CPU.ActiveCfg = Release|Any CPU
		{495AC7A3-0727-484A-9E79-C41689D66C8F}.Release|Any CPU.Build.0 = Release|Any CPU
		{495AC7A3-0727-484A-9E79-C41689D66C8F}.Release|x64.ActiveCfg = Release|Any CPU
		{495AC7A3-0727-484A-9E79-C41689D66C8F}.Release|x64.Build.0 = Release|Any CPU
		{495AC7A3-0727-484A-9E79-C41689D66C8F}.Release|x86.ActiveCfg = Release|Any CPU
		{495AC7A3-0727-484A-9E79-C41689D66C8F}.Release|x86.Build.0 = Release|Any CPU
		{6B4DC31B-3BE6-4C85-A32E-6F1DBC0E4843}.Debug|Any CPU.ActiveCfg = Debug|Any CPU
		{6B4DC31B-3BE6-4C85-A32E-6F1DBC0E4843}.Debug|Any CPU.Build.0 = Debug|Any CPU
		{6B4DC31B-3BE6-4C85-A32E-6F1DBC0E4843}.Debug|x64.ActiveCfg = Debug|Any CPU
		{6B4DC31B-3BE6-4C85-A32E-6F1DBC0E4843}.Debug|x64.Build.0 = Debug|Any CPU
		{6B4DC31B-3BE6-4C85-A32E-6F1DBC0E4843}.Debug|x86.ActiveCfg = Debug|Any CPU
		{6B4DC31B-3BE6-4C85-A32E-6F1DBC0E4843}.Debug|x86.Build.0 = Debug|Any CPU
		{6B4DC31B-3BE6-4C85-A32E-6F1DBC0E4843}.Release|Any CPU.ActiveCfg = Release|Any CPU
		{6B4DC31B-3BE6-4C85-A32E-6F1DBC0E4843}.Release|Any CPU.Build.0 = Release|Any CPU
		{6B4DC31B-3BE6-4C85-A32E-6F1DBC0E4843}.Release|x64.ActiveCfg = Release|Any CPU
		{6B4DC31B-3BE6-4C85-A32E-6F1DBC0E4843}.Release|x64.Build.0 = Release|Any CPU
		{6B4DC31B-3BE6-4C85-A32E-6F1DBC0E4843}.Release|x86.ActiveCfg = Release|Any CPU
		{6B4DC31B-3BE6-4C85-A32E-6F1DBC0E4843}.Release|x86.Build.0 = Release|Any CPU
		{D02C2C1A-95BD-4F1C-B018-C7E98C7BD834}.Debug|Any CPU.ActiveCfg = Debug|Any CPU
		{D02C2C1A-95BD-4F1C-B018-C7E98C7BD834}.Debug|Any CPU.Build.0 = Debug|Any CPU
		{D02C2C1A-95BD-4F1C-B018-C7E98C7BD834}.Debug|x64.ActiveCfg = Debug|Any CPU
		{D02C2C1A-95BD-4F1C-B018-C7E98C7BD834}.Debug|x64.Build.0 = Debug|Any CPU
		{D02C2C1A-95BD-4F1C-B018-C7E98C7BD834}.Debug|x86.ActiveCfg = Debug|Any CPU
		{D02C2C1A-95BD-4F1C-B018-C7E98C7BD834}.Debug|x86.Build.0 = Debug|Any CPU
		{D02C2C1A-95BD-4F1C-B018-C7E98C7BD834}.Release|Any CPU.ActiveCfg = Release|Any CPU
		{D02C2C1A-95BD-4F1C-B018-C7E98C7BD834}.Release|Any CPU.Build.0 = Release|Any CPU
		{D02C2C1A-95BD-4F1C-B018-C7E98C7BD834}.Release|x64.ActiveCfg = Release|Any CPU
		{D02C2C1A-95BD-4F1C-B018-C7E98C7BD834}.Release|x64.Build.0 = Release|Any CPU
		{D02C2C1A-95BD-4F1C-B018-C7E98C7BD834}.Release|x86.ActiveCfg = Release|Any CPU
		{D02C2C1A-95BD-4F1C-B018-C7E98C7BD834}.Release|x86.Build.0 = Release|Any CPU
	EndGlobalSection
	GlobalSection(SolutionProperties) = preSolution
		HideSolutionNode = FALSE
	EndGlobalSection
	GlobalSection(NestedProjects) = preSolution
		{8D626EA8-CB54-BC41-363A-217881BEBA6E} = {827E0CD3-B72D-47B6-A68D-7590B98EB39B}
		{11D48609-1D89-49F7-B5BC-C9A4A61D4A03} = {8D626EA8-CB54-BC41-363A-217881BEBA6E}
		{2652A4F8-2ADA-4952-921B-1A416C9A87C2} = {8D626EA8-CB54-BC41-363A-217881BEBA6E}
		{AE83F174-2221-43C8-8E75-ADA205F54878} = {8D626EA8-CB54-BC41-363A-217881BEBA6E}
		{75755999-07F8-FCE1-5291-0A39D3ADE9A7} = {827E0CD3-B72D-47B6-A68D-7590B98EB39B}
		{F86B4FE1-788C-4E38-ADA6-09D91C4C2B12} = {75755999-07F8-FCE1-5291-0A39D3ADE9A7}
		{A959CB0A-E48E-2E9A-FDBD-1AD6291F023A} = {827E0CD3-B72D-47B6-A68D-7590B98EB39B}
		{571CF6AC-D3EF-473B-8D15-D5F1894EF927} = {A959CB0A-E48E-2E9A-FDBD-1AD6291F023A}
		{37CD979B-0E14-8D92-BB7E-4A19473A8D93} = {827E0CD3-B72D-47B6-A68D-7590B98EB39B}
		{4E7F3F75-4D38-403B-B7FC-6F164D2B5BBD} = {37CD979B-0E14-8D92-BB7E-4A19473A8D93}
		{EC0AE37B-42FE-3786-533F-760669F80219} = {827E0CD3-B72D-47B6-A68D-7590B98EB39B}
		{3D1027CE-729E-4E9B-9510-A51DECE38EA6} = {EC0AE37B-42FE-3786-533F-760669F80219}
		{81034408-37C8-1011-444E-4C15C2FADA8E} = {827E0CD3-B72D-47B6-A68D-7590B98EB39B}
		{DC596FC8-66B9-450E-8AA1-19C88DEA48BF} = {81034408-37C8-1011-444E-4C15C2FADA8E}
		{F9E9F9E4-6EF4-4807-B4DB-86209916F7A0} = {81034408-37C8-1011-444E-4C15C2FADA8E}
		{20239C04-2350-4B0B-81F2-13AF0A734071} = {81034408-37C8-1011-444E-4C15C2FADA8E}
		{C2B4CCFE-4A6A-BC2C-6706-5C75BC235E6A} = {827E0CD3-B72D-47B6-A68D-7590B98EB39B}
		{7B84BCD9-D766-4126-8856-B93F90836432} = {C2B4CCFE-4A6A-BC2C-6706-5C75BC235E6A}
		{5A3C1A2D-BD79-4846-594A-2F14838C9379} = {827E0CD3-B72D-47B6-A68D-7590B98EB39B}
		{9E93DA6D-7030-4101-B34C-42F02407F418} = {5A3C1A2D-BD79-4846-594A-2F14838C9379}
		{51B637F8-9C04-5803-F48E-8CB9352021B0} = {827E0CD3-B72D-47B6-A68D-7590B98EB39B}
		{1927041C-6208-4125-B379-E7ADBA1E129F} = {51B637F8-9C04-5803-F48E-8CB9352021B0}
		{4949FD71-8D67-474D-872A-C0D7C5191DBE} = {51B637F8-9C04-5803-F48E-8CB9352021B0}
		{3739C86A-7081-4883-980D-94285D86892B} = {51B637F8-9C04-5803-F48E-8CB9352021B0}
		{C698E06C-1649-8066-6D27-72E3631D092E} = {827E0CD3-B72D-47B6-A68D-7590B98EB39B}
		{E15579FF-566F-4706-944D-B72A2B4DE314} = {C698E06C-1649-8066-6D27-72E3631D092E}
		{DD62E6F4-4C35-4023-BC74-116D0FCD1016} = {C698E06C-1649-8066-6D27-72E3631D092E}
		{39900142-B9A7-4AF0-8A7C-598BBBAE0149} = {C698E06C-1649-8066-6D27-72E3631D092E}
		{4F1A3AF4-7DDF-254F-147F-2C5D5B4D850E} = {827E0CD3-B72D-47B6-A68D-7590B98EB39B}
		{5E05D4E8-97DF-492C-A534-F1B41313FD56} = {4F1A3AF4-7DDF-254F-147F-2C5D5B4D850E}
		{AFC013BB-24B9-40EE-AA15-A8D61B95B15F} = {07C2787E-EAC7-C090-1BA3-A61EC2A24D84}
		{D1B304B3-6212-404E-A804-AE3B939ED9EB} = {0AB3BF05-4346-4AA6-1389-037BE0695223}
		{40BEFCA6-7329-4768-AD03-FF2DC7A21F78} = {0AB3BF05-4346-4AA6-1389-037BE0695223}
		{DFDC738D-937B-4051-8F8E-6C8B2F7ABD7A} = {0AB3BF05-4346-4AA6-1389-037BE0695223}
		{F69AF8C4-EDBE-4E32-AC93-1D228C43E4AB} = {0AB3BF05-4346-4AA6-1389-037BE0695223}
		{92EC6BB1-5EA4-416D-A466-58D24E62F578} = {0AB3BF05-4346-4AA6-1389-037BE0695223}
		{2ED13EA1-0439-4EB7-AD07-F1ECB34C78C9} = {0AB3BF05-4346-4AA6-1389-037BE0695223}
		{4CCBA0F2-D6AC-42AA-A1BE-C949DE9B62DD} = {0AB3BF05-4346-4AA6-1389-037BE0695223}
		{416A7032-8861-4C6D-B400-4F0D39F572B2} = {0AB3BF05-4346-4AA6-1389-037BE0695223}
		{37172C01-355B-4882-8AF1-542120A08D55} = {0AB3BF05-4346-4AA6-1389-037BE0695223}
		{D63B410C-79DB-4460-99B0-AE1FFECBC06B} = {0AB3BF05-4346-4AA6-1389-037BE0695223}
		{AFE3D8DD-E1C2-4471-96DE-5129A250414C} = {66320409-64EC-F7C5-3DEF-65E7510DAAD1}
		{DA92F388-7DB9-4303-A8D7-2EA03FED5CC0} = {0AB3BF05-4346-4AA6-1389-037BE0695223}
		{A21A6857-927A-DC29-726B-77DA6C243883} = {827E0CD3-B72D-47B6-A68D-7590B98EB39B}
		{16EDA742-E410-4B64-8663-E759D43DF447} = {A21A6857-927A-DC29-726B-77DA6C243883}
		{1FB29A6F-E060-473E-ADB0-9CDB82258083} = {0AB3BF05-4346-4AA6-1389-037BE0695223}
		{59EB59E3-10A0-8B1C-5596-01FA9BF3AB83} = {827E0CD3-B72D-47B6-A68D-7590B98EB39B}
		{0D386F73-51D6-4636-A67B-EB9022CF7B85} = {59EB59E3-10A0-8B1C-5596-01FA9BF3AB83}
		{BAFCD7B2-A96B-4E70-B3EF-AE93FCAE443A} = {0AB3BF05-4346-4AA6-1389-037BE0695223}
		{62448140-06A0-4B83-B425-7095CD60AA18} = {0AB3BF05-4346-4AA6-1389-037BE0695223}
		{B1B093D2-2FA6-4D06-B72E-25AB9F3C3019} = {0AB3BF05-4346-4AA6-1389-037BE0695223}
		{495AC7A3-0727-484A-9E79-C41689D66C8F} = {51B637F8-9C04-5803-F48E-8CB9352021B0}
		{6B4DC31B-3BE6-4C85-A32E-6F1DBC0E4843} = {0AB3BF05-4346-4AA6-1389-037BE0695223}
		{D02C2C1A-95BD-4F1C-B018-C7E98C7BD834} = {B36A84DF-456D-A817-6EDD-3EC3E7F6E11F}
	EndGlobalSection
EndGlobal
